// !$*UTF8*$!
{
	archiveVersion = 1;
	classes = {
	};
	objectVersion = 50;
	objects = {

/* Begin PBXBuildFile section */
		FCD39D10209A718200E216A7 /* AppDelegate.swift in Sources */ = {isa = PBXBuildFile; fileRef = FCD39D0F209A718200E216A7 /* AppDelegate.swift */; };
		FCD39D12209A718200E216A7 /* ViewController.swift in Sources */ = {isa = PBXBuildFile; fileRef = FCD39D11209A718200E216A7 /* ViewController.swift */; };
		FCD39D15209A718200E216A7 /* Main.storyboard in Resources */ = {isa = PBXBuildFile; fileRef = FCD39D13209A718200E216A7 /* Main.storyboard */; };
		FCD39D17209A718300E216A7 /* Assets.xcassets in Resources */ = {isa = PBXBuildFile; fileRef = FCD39D16209A718300E216A7 /* Assets.xcassets */; };
		FCD39D1A209A718300E216A7 /* LaunchScreen.storyboard in Resources */ = {isa = PBXBuildFile; fileRef = FCD39D18209A718300E216A7 /* LaunchScreen.storyboard */; };
		FCD39D22209A720700E216A7 /* filme.swift in Sources */ = {isa = PBXBuildFile; fileRef = FCD39D21209A720700E216A7 /* filme.swift */; };
		FCD39D24209A77FD00E216A7 /* filmeCelula.swift in Sources */ = {isa = PBXBuildFile; fileRef = FCD39D23209A77FD00E216A7 /* filmeCelula.swift */; };
		FCD39D26209A7F6C00E216A7 /* DetalhesFilmeViewController.swift in Sources */ = {isa = PBXBuildFile; fileRef = FCD39D25209A7F6C00E216A7 /* DetalhesFilmeViewController.swift */; };
/* End PBXBuildFile section */

/* Begin PBXFileReference section */
		FCD39D0C209A718200E216A7 /* filmes.app */ = {isa = PBXFileReference; explicitFileType = wrapper.application; includeInIndex = 0; path = filmes.app; sourceTree = BUILT_PRODUCTS_DIR; };
		FCD39D0F209A718200E216A7 /* AppDelegate.swift */ = {isa = PBXFileReference; lastKnownFileType = sourcecode.swift; path = AppDelegate.swift; sourceTree = "<group>"; };
		FCD39D11209A718200E216A7 /* ViewController.swift */ = {isa = PBXFileReference; lastKnownFileType = sourcecode.swift; path = ViewController.swift; sourceTree = "<group>"; };
		FCD39D14209A718200E216A7 /* Base */ = {isa = PBXFileReference; lastKnownFileType = file.storyboard; name = Base; path = Base.lproj/Main.storyboard; sourceTree = "<group>"; };
		FCD39D16209A718300E216A7 /* Assets.xcassets */ = {isa = PBXFileReference; lastKnownFileType = folder.assetcatalog; path = Assets.xcassets; sourceTree = "<group>"; };
		FCD39D19209A718300E216A7 /* Base */ = {isa = PBXFileReference; lastKnownFileType = file.storyboard; name = Base; path = Base.lproj/LaunchScreen.storyboard; sourceTree = "<group>"; };
		FCD39D1B209A718300E216A7 /* Info.plist */ = {isa = PBXFileReference; lastKnownFileType = text.plist.xml; path = Info.plist; sourceTree = "<group>"; };
		FCD39D21209A720700E216A7 /* filme.swift */ = {isa = PBXFileReference; lastKnownFileType = sourcecode.swift; path = filme.swift; sourceTree = "<group>"; };
		FCD39D23209A77FD00E216A7 /* filmeCelula.swift */ = {isa = PBXFileReference; lastKnownFileType = sourcecode.swift; path = filmeCelula.swift; sourceTree = "<group>"; };
		FCD39D25209A7F6C00E216A7 /* DetalhesFilmeViewController.swift */ = {isa = PBXFileReference; lastKnownFileType = sourcecode.swift; path = DetalhesFilmeViewController.swift; sourceTree = "<group>"; };
/* End PBXFileReference section */

/* Begin PBXFrameworksBuildPhase section */
		FCD39D09209A718100E216A7 /* Frameworks */ = {
			isa = PBXFrameworksBuildPhase;
			buildActionMask = 2147483647;
			files = (
			);
			runOnlyForDeploymentPostprocessing = 0;
		};
/* End PBXFrameworksBuildPhase section */

/* Begin PBXGroup section */
		FCD39D03209A718100E216A7 = {
			isa = PBXGroup;
			children = (
				FCD39D0E209A718200E216A7 /* filmes */,
				FCD39D0D209A718200E216A7 /* Products */,
			);
			sourceTree = "<group>";
		};
		FCD39D0D209A718200E216A7 /* Products */ = {
			isa = PBXGroup;
			children = (
				FCD39D0C209A718200E216A7 /* filmes.app */,
			);
			name = Products;
			sourceTree = "<group>";
		};
		FCD39D0E209A718200E216A7 /* filmes */ = {
			isa = PBXGroup;
			children = (
				FCD39D0F209A718200E216A7 /* AppDelegate.swift */,
				FCD39D11209A718200E216A7 /* ViewController.swift */,
				FCD39D21209A720700E216A7 /* filme.swift */,
				FCD39D13209A718200E216A7 /* Main.storyboard */,
				FCD39D25209A7F6C00E216A7 /* DetalhesFilmeViewController.swift */,
				FCD39D23209A77FD00E216A7 /* filmeCelula.swift */,
				FCD39D16209A718300E216A7 /* Assets.xcassets */,
				FCD39D18209A718300E216A7 /* LaunchScreen.storyboard */,
				FCD39D1B209A718300E216A7 /* Info.plist */,
			);
			path = filmes;
			sourceTree = "<group>";
		};
/* End PBXGroup section */

/* Begin PBXNativeTarget section */
		FCD39D0B209A718100E216A7 /* filmes */ = {
			isa = PBXNativeTarget;
			buildConfigurationList = FCD39D1E209A718300E216A7 /* Build configuration list for PBXNativeTarget "filmes" */;
			buildPhases = (
				FCD39D08209A718100E216A7 /* Sources */,
				FCD39D09209A718100E216A7 /* Frameworks */,
				FCD39D0A209A718100E216A7 /* Resources */,
			);
			buildRules = (
			);
			dependencies = (
			);
			name = filmes;
			productName = filmes;
			productReference = FCD39D0C209A718200E216A7 /* filmes.app */;
			productType = "com.apple.product-type.application";
		};
/* End PBXNativeTarget section */

/* Begin PBXProject section */
		FCD39D04209A718100E216A7 /* Project object */ = {
			isa = PBXProject;
			attributes = {
				LastSwiftUpdateCheck = 0930;
				LastUpgradeCheck = 0930;
				ORGANIZATIONNAME = "Jonathan Loureiro";
				TargetAttributes = {
					FCD39D0B209A718100E216A7 = {
						CreatedOnToolsVersion = 9.3;
					};
				};
			};
			buildConfigurationList = FCD39D07209A718100E216A7 /* Build configuration list for PBXProject "filmes" */;
			compatibilityVersion = "Xcode 9.3";
			developmentRegion = en;
			hasScannedForEncodings = 0;
			knownRegions = (
				en,
				Base,
			);
			mainGroup = FCD39D03209A718100E216A7;
			productRefGroup = FCD39D0D209A718200E216A7 /* Products */;
			projectDirPath = "";
			projectRoot = "";
			targets = (
				FCD39D0B209A718100E216A7 /* filmes */,
			);
		};
/* End PBXProject section */

/* Begin PBXResourcesBuildPhase section */
		FCD39D0A209A718100E216A7 /* Resources */ = {
			isa = PBXResourcesBuildPhase;
			buildActionMask = 2147483647;
			files = (
				FCD39D1A209A718300E216A7 /* LaunchScreen.storyboard in Resources */,
				FCD39D17209A718300E216A7 /* Assets.xcassets in Resources */,
				FCD39D15209A718200E216A7 /* Main.storyboard in Resources */,
			);
			runOnlyForDeploymentPostprocessing = 0;
		};
/* End PBXResourcesBuildPhase section */

/* Begin PBXSourcesBuildPhase section */
		FCD39D08209A718100E216A7 /* Sources */ = {
			isa = PBXSourcesBuildPhase;
			buildActionMask = 2147483647;
			files = (
				FCD39D12209A718200E216A7 /* ViewController.swift in Sources */,
				FCD39D10209A718200E216A7 /* AppDelegate.swift in Sources */,
				FCD39D26209A7F6C00E216A7 /* DetalhesFilmeViewController.swift in Sources */,
				FCD39D22209A720700E216A7 /* filme.swift in Sources */,
				FCD39D24209A77FD00E216A7 /* filmeCelula.swift in Sources */,
			);
			runOnlyForDeploymentPostprocessing = 0;
		};
/* End PBXSourcesBuildPhase section */

/* Begin PBXVariantGroup section */
		FCD39D13209A718200E216A7 /* Main.storyboard */ = {
			isa = PBXVariantGroup;
			children = (
				FCD39D14209A718200E216A7 /* Base */,
			);
			name = Main.storyboard;
			sourceTree = "<group>";
		};
		FCD39D18209A718300E216A7 /* LaunchScreen.storyboard */ = {
			isa = PBXVariantGroup;
			children = (
				FCD39D19209A718300E216A7 /* Base */,
			);
			name = LaunchScreen.storyboard;
			sourceTree = "<group>";
		};
/* End PBXVariantGroup section */

/* Begin XCBuildConfiguration section */
		FCD39D1C209A718300E216A7 /* Debug */ = {
			isa = XCBuildConfiguration;
			buildSettings = {
				ALWAYS_SEARCH_USER_PATHS = NO;
				CLANG_ANALYZER_NONNULL = YES;
				CLANG_ANALYZER_NUMBER_OBJECT_CONVERSION = YES_AGGRESSIVE;
				CLANG_CXX_LANGUAGE_STANDARD = "gnu++14";
				CLANG_CXX_LIBRARY = "libc++";
				CLANG_ENABLE_MODULES = YES;
				CLANG_ENABLE_OBJC_ARC = YES;
				CLANG_ENABLE_OBJC_WEAK = YES;
				CLANG_WARN_BLOCK_CAPTURE_AUTORELEASING = YES;
				CLANG_WARN_BOOL_CONVERSION = YES;
				CLANG_WARN_COMMA = YES;
				CLANG_WARN_CONSTANT_CONVERSION = YES;
				CLANG_WARN_DEPRECATED_OBJC_IMPLEMENTATIONS = YES;
				CLANG_WARN_DIRECT_OBJC_ISA_USAGE = YES_ERROR;
				CLANG_WARN_DOCUMENTATION_COMMENTS = YES;
				CLANG_WARN_EMPTY_BODY = YES;
				CLANG_WARN_ENUM_CONVERSION = YES;
				CLANG_WARN_INFINITE_RECURSION = YES;
				CLANG_WARN_INT_CONVERSION = YES;
				CLANG_WARN_NON_LITERAL_NULL_CONVERSION = YES;
				CLANG_WARN_OBJC_IMPLICIT_RETAIN_SELF = YES;
				CLANG_WARN_OBJC_LITERAL_CONVERSION = YES;
				CLANG_WARN_OBJC_ROOT_CLASS = YES_ERROR;
				CLANG_WARN_RANGE_LOOP_ANALYSIS = YES;
				CLANG_WARN_STRICT_PROTOTYPES = YES;
				CLANG_WARN_SUSPICIOUS_MOVE = YES;
				CLANG_WARN_UNGUARDED_AVAILABILITY = YES_AGGRESSIVE;
				CLANG_WARN_UNREACHABLE_CODE = YES;
				CLANG_WARN__DUPLICATE_METHOD_MATCH = YES;
				CODE_SIGN_IDENTITY = "iPhone Developer";
				COPY_PHASE_STRIP = NO;
				DEBUG_INFORMATION_FORMAT = dwarf;
				ENABLE_STRICT_OBJC_MSGSEND = YES;
				ENABLE_TESTABILITY = YES;
				GCC_C_LANGUAGE_STANDARD = gnu11;
				GCC_DYNAMIC_NO_PIC = NO;
				GCC_NO_COMMON_BLOCKS = YES;
				GCC_OPTIMIZATION_LEVEL = 0;
				GCC_PREPROCESSOR_DEFINITIONS = (
					"DEBUG=1",
					"$(inherited)",
				);
				GCC_WARN_64_TO_32_BIT_CONVERSION = YES;
				GCC_WARN_ABOUT_RETURN_TYPE = YES_ERROR;
				GCC_WARN_UNDECLARED_SELECTOR = YES;
				GCC_WARN_UNINITIALIZED_AUTOS = YES_AGGRESSIVE;
				GCC_WARN_UNUSED_FUNCTION = YES;
				GCC_WARN_UNUSED_VARIABLE = YES;
				IPHONEOS_DEPLOYMENT_TARGET = 11.3;
				MTL_ENABLE_DEBUG_INFO = YES;
				ONLY_ACTIVE_ARCH = YES;
				SDKROOT = iphoneos;
				SWIFT_ACTIVE_COMPILATION_CONDITIONS = DEBUG;
				SWIFT_OPTIMIZATION_LEVEL = "-Onone";
			};
			name = Debug;
		};
		FCD39D1D209A718300E216A7 /* Release */ = {
			isa = XCBuildConfiguration;
			buildSettings = {
				ALWAYS_SEARCH_USER_PATHS = NO;
				CLANG_ANALYZER_NONNULL = YES;
				CLANG_ANALYZER_NUMBER_OBJECT_CONVERSION = YES_AGGRESSIVE;
				CLANG_CXX_LANGUAGE_STANDARD = "gnu++14";
				CLANG_CXX_LIBRARY = "libc++";
				CLANG_ENABLE_MODULES = YES;
				CLANG_ENABLE_OBJC_ARC = YES;
				CLANG_ENABLE_OBJC_WEAK = YES;
				CLANG_WARN_BLOCK_CAPTURE_AUTORELEASING = YES;
				CLANG_WARN_BOOL_CONVERSION = YES;
				CLANG_WARN_COMMA = YES;
				CLANG_WARN_CONSTANT_CONVERSION = YES;
				CLANG_WARN_DEPRECATED_OBJC_IMPLEMENTATIONS = YES;
				CLANG_WARN_DIRECT_OBJC_ISA_USAGE = YES_ERROR;
				CLANG_WARN_DOCUMENTATION_COMMENTS = YES;
				CLANG_WARN_EMPTY_BODY = YES;
				CLANG_WARN_ENUM_CONVERSION = YES;
				CLANG_WARN_INFINITE_RECURSION = YES;
				CLANG_WARN_INT_CONVERSION = YES;
				CLANG_WARN_NON_LITERAL_NULL_CONVERSION = YES;
				CLANG_WARN_OBJC_IMPLICIT_RETAIN_SELF = YES;
				CLANG_WARN_OBJC_LITERAL_CONVERSION = YES;
				CLANG_WARN_OBJC_ROOT_CLASS = YES_ERROR;
				CLANG_WARN_RANGE_LOOP_ANALYSIS = YES;
				CLANG_WARN_STRICT_PROTOTYPES = YES;
				CLANG_WARN_SUSPICIOUS_MOVE = YES;
				CLANG_WARN_UNGUARDED_AVAILABILITY = YES_AGGRESSIVE;
				CLANG_WARN_UNREACHABLE_CODE = YES;
				CLANG_WARN__DUPLICATE_METHOD_MATCH = YES;
				CODE_SIGN_IDENTITY = "iPhone Developer";
				COPY_PHASE_STRIP = NO;
				DEBUG_INFORMATION_FORMAT = "dwarf-with-dsym";
				ENABLE_NS_ASSERTIONS = NO;
				ENABLE_STRICT_OBJC_MSGSEND = YES;
				GCC_C_LANGUAGE_STANDARD = gnu11;
				GCC_NO_COMMON_BLOCKS = YES;
				GCC_WARN_64_TO_32_BIT_CONVERSION = YES;
				GCC_WARN_ABOUT_RETURN_TYPE = YES_ERROR;
				GCC_WARN_UNDECLARED_SELECTOR = YES;
				GCC_WARN_UNINITIALIZED_AUTOS = YES_AGGRESSIVE;
				GCC_WARN_UNUSED_FUNCTION = YES;
				GCC_WARN_UNUSED_VARIABLE = YES;
				IPHONEOS_DEPLOYMENT_TARGET = 11.3;
				MTL_ENABLE_DEBUG_INFO = NO;
				SDKROOT = iphoneos;
				SWIFT_COMPILATION_MODE = wholemodule;
				SWIFT_OPTIMIZATION_LEVEL = "-O";
				VALIDATE_PRODUCT = YES;
			};
			name = Release;
		};
		FCD39D1F209A718300E216A7 /* Debug */ = {
			isa = XCBuildConfiguration;
			buildSettings = {
				ASSETCATALOG_COMPILER_APPICON_NAME = AppIcon;
				CODE_SIGN_STYLE = Automatic;
				INFOPLIST_FILE = filmes/Info.plist;
				LD_RUNPATH_SEARCH_PATHS = (
					"$(inherited)",
					"@executable_path/Frameworks",
				);
				PRODUCT_BUNDLE_IDENTIFIER = com.jonloureiro.filmes;
				PRODUCT_NAME = "$(TARGET_NAME)";
				SWIFT_VERSION = 4.0;
				TARGETED_DEVICE_FAMILY = "1,2";
			};
			name = Debug;
		};
		FCD39D20209A718300E216A7 /* Release */ = {
			isa = XCBuildConfiguration;
			buildSettings = {
				ASSETCATALOG_COMPILER_APPICON_NAME = AppIcon;
				CODE_SIGN_STYLE = Automatic;
				INFOPLIST_FILE = filmes/Info.plist;
				LD_RUNPATH_SEARCH_PATHS = (
					"$(inherited)",
					"@executable_path/Frameworks",
				);
				PRODUCT_BUNDLE_IDENTIFIER = com.jonloureiro.filmes;
				PRODUCT_NAME = "$(TARGET_NAME)";
				SWIFT_VERSION = 4.0;
				TARGETED_DEVICE_FAMILY = "1,2";
			};
			name = Release;
		};
/* End XCBuildConfiguration section */

/* Begin XCConfigurationList section */
		FCD39D07209A718100E216A7 /* Build configuration list for PBXProject "filmes" */ = {
			isa = XCConfigurationList;
			buildConfigurations = (
				FCD39D1C209A718300E216A7 /* Debug */,
				FCD39D1D209A718300E216A7 /* Release */,
			);
			defaultConfigurationIsVisible = 0;
			defaultConfigurationName = Release;
		};
		FCD39D1E209A718300E216A7 /* Build configuration list for PBXNativeTarget "filmes" */ = {
			isa = XCConfigurationList;
			buildConfigurations = (
				FCD39D1F209A718300E216A7 /* Debug */,
				FCD39D20209A718300E216A7 /* Release */,
			);
			defaultConfigurationIsVisible = 0;
			defaultConfigurationName = Release;
		};
/* End XCConfigurationList section */
	};
	rootObject = FCD39D04209A718100E216A7 /* Project object */;
}
